
Microsoft Visual Studio Solution File, Format Version 12.00
# Visual Studio 14
VisualStudioVersion = 14.0.23107.0
MinimumVisualStudioVersion = 10.0.40219.1
Project("{8BC9CEB8-8B4A-11D0-8D11-00A0C91BC942}") = "nudf", "src\nudf.vcxproj", "{E7838C6E-1280-4C6C-B8C6-429A65C93A56}"
EndProject
Project("{8BC9CEB8-8B4A-11D0-8D11-00A0C91BC942}") = "nudfstatic", "nudfstatic_src\nudfstatic.vcxproj", "{6DB3D2FC-2C2A-43E4-97E8-D607B2F37D07}"
EndProject
Project("{8BC9CEB8-8B4A-11D0-8D11-00A0C91BC942}") = "nudf_test", "nudf_test\nudf_test.vcxproj", "{79FAC37A-8B13-461F-9B9E-C1CE83E94955}"
EndProject
Global
	GlobalSection(SolutionConfigurationPlatforms) = preSolution
		Debug|x64 = Debug|x64
		Debug|x86 = Debug|x86
		Release|x64 = Release|x64
		Release|x86 = Release|x86
	EndGlobalSection
	GlobalSection(ProjectConfigurationPlatforms) = postSolution
		{E7838C6E-1280-4C6C-B8C6-429A65C93A56}.Debug|x64.ActiveCfg = Debug|x64
		{E7838C6E-1280-4C6C-B8C6-429A65C93A56}.Debug|x64.Build.0 = Debug|x64
		{E7838C6E-1280-4C6C-B8C6-429A65C93A56}.Debug|x86.ActiveCfg = Debug|Win32
		{E7838C6E-1280-4C6C-B8C6-429A65C93A56}.Debug|x86.Build.0 = Debug|Win32
		{E7838C6E-1280-4C6C-B8C6-429A65C93A56}.Release|x64.ActiveCfg = Release|x64
		{E7838C6E-1280-4C6C-B8C6-429A65C93A56}.Release|x64.Build.0 = Release|x64
		{E7838C6E-1280-4C6C-B8C6-429A65C93A56}.Release|x86.ActiveCfg = Release|Win32
		{E7838C6E-1280-4C6C-B8C6-429A65C93A56}.Release|x86.Build.0 = Release|Win32
		{6DB3D2FC-2C2A-43E4-97E8-D607B2F37D07}.Debug|x64.ActiveCfg = Debug|x64
		{6DB3D2FC-2C2A-43E4-97E8-D607B2F37D07}.Debug|x64.Build.0 = Debug|x64
		{6DB3D2FC-2C2A-43E4-97E8-D607B2F37D07}.Debug|x86.ActiveCfg = Debug|Win32
		{6DB3D2FC-2C2A-43E4-97E8-D607B2F37D07}.Debug|x86.Build.0 = Debug|Win32
		{6DB3D2FC-2C2A-43E4-97E8-D607B2F37D07}.Release|x64.ActiveCfg = Release|x64
		{6DB3D2FC-2C2A-43E4-97E8-D607B2F37D07}.Release|x64.Build.0 = Release|x64
		{6DB3D2FC-2C2A-43E4-97E8-D607B2F37D07}.Release|x86.ActiveCfg = Release|Win32
		{6DB3D2FC-2C2A-43E4-97E8-D607B2F37D07}.Release|x86.Build.0 = Release|Win32
		{79FAC37A-8B13-461F-9B9E-C1CE83E94955}.Debug|x64.ActiveCfg = Debug|x64
		{79FAC37A-8B13-461F-9B9E-C1CE83E94955}.Debug|x64.Build.0 = Debug|x64
		{79FAC37A-8B13-461F-9B9E-C1CE83E94955}.Debug|x86.ActiveCfg = Debug|Win32
		{79FAC37A-8B13-461F-9B9E-C1CE83E94955}.Debug|x86.Build.0 = Debug|Win32
		{79FAC37A-8B13-461F-9B9E-C1CE83E94955}.Release|x64.ActiveCfg = Release|x64
		{79FAC37A-8B13-461F-9B9E-C1CE83E94955}.Release|x64.Build.0 = Release|x64
		{79FAC37A-8B13-461F-9B9E-C1CE83E94955}.Release|x86.ActiveCfg = Release|Win32
		{79FAC37A-8B13-461F-9B9E-C1CE83E94955}.Release|x86.Build.0 = Release|Win32
	EndGlobalSection
	GlobalSection(SolutionProperties) = preSolution
		HideSolutionNode = FALSE
	EndGlobalSection
EndGlobal
