
Microsoft Visual Studio Solution File, Format Version 12.00
# Visual Studio 14
VisualStudioVersion = 14.0.23107.0
MinimumVisualStudioVersion = 10.0.40219.1
Project("{8BC9CEB8-8B4A-11D0-8D11-00A0C91BC942}") = "nxpolicyengine", "src\nxpolicyengine.vcxproj", "{7F2987C8-15AB-4777-A566-6BBC60654695}"
EndProject
Project("{8BC9CEB8-8B4A-11D0-8D11-00A0C91BC942}") = "test_engine", "test_engine\test_engine.vcxproj", "{A7E8A2EA-B967-4434-8E61-42AE0F3CFBB8}"
EndProject
Global
	GlobalSection(SolutionConfigurationPlatforms) = preSolution
		Debug|x64 = Debug|x64
		Debug|x86 = Debug|x86
		Release|x64 = Release|x64
		Release|x86 = Release|x86
	EndGlobalSection
	GlobalSection(ProjectConfigurationPlatforms) = postSolution
		{7F2987C8-15AB-4777-A566-6BBC60654695}.Debug|x64.ActiveCfg = Debug|x64
		{7F2987C8-15AB-4777-A566-6BBC60654695}.Debug|x64.Build.0 = Debug|x64
		{7F2987C8-15AB-4777-A566-6BBC60654695}.Debug|x86.ActiveCfg = Debug|Win32
		{7F2987C8-15AB-4777-A566-6BBC60654695}.Debug|x86.Build.0 = Debug|Win32
		{7F2987C8-15AB-4777-A566-6BBC60654695}.Release|x64.ActiveCfg = Release|x64
		{7F2987C8-15AB-4777-A566-6BBC60654695}.Release|x64.Build.0 = Release|x64
		{7F2987C8-15AB-4777-A566-6BBC60654695}.Release|x86.ActiveCfg = Release|Win32
		{7F2987C8-15AB-4777-A566-6BBC60654695}.Release|x86.Build.0 = Release|Win32
		{A7E8A2EA-B967-4434-8E61-42AE0F3CFBB8}.Debug|x64.ActiveCfg = Debug|x64
		{A7E8A2EA-B967-4434-8E61-42AE0F3CFBB8}.Debug|x64.Build.0 = Debug|x64
		{A7E8A2EA-B967-4434-8E61-42AE0F3CFBB8}.Debug|x86.ActiveCfg = Debug|Win32
		{A7E8A2EA-B967-4434-8E61-42AE0F3CFBB8}.Debug|x86.Build.0 = Debug|Win32
		{A7E8A2EA-B967-4434-8E61-42AE0F3CFBB8}.Release|x64.ActiveCfg = Release|x64
		{A7E8A2EA-B967-4434-8E61-42AE0F3CFBB8}.Release|x64.Build.0 = Release|x64
		{A7E8A2EA-B967-4434-8E61-42AE0F3CFBB8}.Release|x86.ActiveCfg = Release|Win32
		{A7E8A2EA-B967-4434-8E61-42AE0F3CFBB8}.Release|x86.Build.0 = Release|Win32
	EndGlobalSection
	GlobalSection(SolutionProperties) = preSolution
		HideSolutionNode = FALSE
	EndGlobalSection
EndGlobal
