
Microsoft Visual Studio Solution File, Format Version 12.00
# Visual Studio 14
VisualStudioVersion = 14.0.23107.0
MinimumVisualStudioVersion = 10.0.40219.1
Project("{8BC9CEB8-8B4A-11D0-8D11-00A0C91BC942}") = "nudf", "src\nudf.vcxproj", "{B85C9FF7-F45E-4DC8-9415-FD1CCA2AA54E}"
EndProject
Project("{8BC9CEB8-8B4A-11D0-8D11-00A0C91BC942}") = "nudf_static", "src\nudf_static.vcxproj", "{29435C01-8FAD-41D2-8207-CCB1C317E2C1}"
EndProject
Project("{8BC9CEB8-8B4A-11D0-8D11-00A0C91BC942}") = "nudf_test", "src\nudf_test.vcxproj", "{650A5007-8EA1-4727-9BDC-F75714E57191}"
EndProject
Global
	GlobalSection(SolutionConfigurationPlatforms) = preSolution
		Debug|x64 = Debug|x64
		Debug|Win32 = Debug|Win32
		Release|x64 = Release|x64
		Release|Win32 = Release|Win32
	EndGlobalSection
	GlobalSection(ProjectConfigurationPlatforms) = postSolution
		{B85C9FF7-F45E-4DC8-9415-FD1CCA2AA54E}.Debug|x64.ActiveCfg = Debug|x64
		{B85C9FF7-F45E-4DC8-9415-FD1CCA2AA54E}.Debug|x64.Build.0 = Debug|x64
		{B85C9FF7-F45E-4DC8-9415-FD1CCA2AA54E}.Debug|Win32.ActiveCfg = Debug|Win32
		{B85C9FF7-F45E-4DC8-9415-FD1CCA2AA54E}.Debug|Win32.Build.0 = Debug|Win32
		{B85C9FF7-F45E-4DC8-9415-FD1CCA2AA54E}.Release|x64.ActiveCfg = Release|x64
		{B85C9FF7-F45E-4DC8-9415-FD1CCA2AA54E}.Release|x64.Build.0 = Release|x64
		{B85C9FF7-F45E-4DC8-9415-FD1CCA2AA54E}.Release|Win32.ActiveCfg = Release|Win32
		{B85C9FF7-F45E-4DC8-9415-FD1CCA2AA54E}.Release|Win32.Build.0 = Release|Win32
		{29435C01-8FAD-41D2-8207-CCB1C317E2C1}.Debug|x64.ActiveCfg = Debug|x64
		{29435C01-8FAD-41D2-8207-CCB1C317E2C1}.Debug|x64.Build.0 = Debug|x64
		{29435C01-8FAD-41D2-8207-CCB1C317E2C1}.Debug|Win32.ActiveCfg = Debug|Win32
		{29435C01-8FAD-41D2-8207-CCB1C317E2C1}.Debug|Win32.Build.0 = Debug|Win32
		{29435C01-8FAD-41D2-8207-CCB1C317E2C1}.Release|x64.ActiveCfg = Release|x64
		{29435C01-8FAD-41D2-8207-CCB1C317E2C1}.Release|x64.Build.0 = Release|x64
		{29435C01-8FAD-41D2-8207-CCB1C317E2C1}.Release|Win32.ActiveCfg = Release|Win32
		{29435C01-8FAD-41D2-8207-CCB1C317E2C1}.Release|Win32.Build.0 = Release|Win32
		{650A5007-8EA1-4727-9BDC-F75714E57191}.Debug|x64.ActiveCfg = Debug|x64
		{650A5007-8EA1-4727-9BDC-F75714E57191}.Debug|x64.Build.0 = Debug|x64
		{650A5007-8EA1-4727-9BDC-F75714E57191}.Debug|Win32.ActiveCfg = Debug|Win32
		{650A5007-8EA1-4727-9BDC-F75714E57191}.Debug|Win32.Build.0 = Debug|Win32
		{650A5007-8EA1-4727-9BDC-F75714E57191}.Release|x64.ActiveCfg = Release|x64
		{650A5007-8EA1-4727-9BDC-F75714E57191}.Release|x64.Build.0 = Release|x64
		{650A5007-8EA1-4727-9BDC-F75714E57191}.Release|Win32.ActiveCfg = Release|Win32
		{650A5007-8EA1-4727-9BDC-F75714E57191}.Release|Win32.Build.0 = Release|Win32
	EndGlobalSection
	GlobalSection(SolutionProperties) = preSolution
		HideSolutionNode = FALSE
	EndGlobalSection
EndGlobal
