<?xml version="1.0" encoding="utf-8"?>
<Project ToolsVersion="4.0" xmlns="http://schemas.microsoft.com/developer/msbuild/2003">
  <ItemGroup>
    <Filter Include="Source Files">
      <UniqueIdentifier>{4FC737F1-C7A5-4376-A066-2A32D752A2FF}</UniqueIdentifier>
      <Extensions>cpp;c;cc;cxx;def;odl;idl;hpj;bat;asm;asmx</Extensions>
    </Filter>
    <Filter Include="Header Files">
      <UniqueIdentifier>{93995380-89BD-4b04-88EB-625FBE52EBFB}</UniqueIdentifier>
      <Extensions>h;hpp;hxx;hm;inl;inc;xsd</Extensions>
    </Filter>
    <Filter Include="Resource Files">
      <UniqueIdentifier>{67DA6AB6-F800-4c08-8B7A-83BB121AAD01}</UniqueIdentifier>
      <Extensions>rc;ico;cur;bmp;dlg;rc2;rct;bin;rgs;gif;jpg;jpeg;jpe;resx;tiff;tif;png;wav;mfcribbon-ms</Extensions>
    </Filter>
  </ItemGroup>
  <ItemGroup>
    <ClCompile Include="commonui.cpp">
      <Filter>Source Files</Filter>
    </ClCompile>
    <ClCompile Include="rightsbox.cpp">
      <Filter>Source Files</Filter>
    </ClCompile>
    <ClCompile Include="dlgunit.cpp">
      <Filter>Source Files</Filter>
    </ClCompile>
    <ClCompile Include="propsheet.cpp">
      <Filter>Source Files</Filter>
    </ClCompile>
    <ClCompile Include="dlgtemplate.cpp">
      <Filter>Source Files</Filter>
    </ClCompile>
    <ClCompile Include="dlgclassify.cpp">
      <Filter>Source Files</Filter>
    </ClCompile>
    <ClCompile Include="labelinfo.cpp">
      <Filter>Source Files</Filter>
    </ClCompile>
    <ClCompile Include="dlgclassify2.cpp">
      <Filter>Source Files</Filter>
    </ClCompile>
    <ClCompile Include="classifydata.cpp">
      <Filter>Source Files</Filter>
    </ClCompile>
    <ClCompile Include="classifylistctrl.cpp">
      <Filter>Source Files</Filter>
    </ClCompile>
  </ItemGroup>
  <ItemGroup>
    <ClInclude Include="..\inc\commonui.hpp">
      <Filter>Header Files</Filter>
    </ClInclude>
    <ClInclude Include="..\inc\rightsbox.hpp">
      <Filter>Header Files</Filter>
    </ClInclude>
    <ClInclude Include="..\inc\dlgunit.hpp">
      <Filter>Header Files</Filter>
    </ClInclude>
    <ClInclude Include="resource.h">
      <Filter>Header Files</Filter>
    </ClInclude>
    <ClInclude Include="..\inc\propsheet.hpp">
      <Filter>Header Files</Filter>
    </ClInclude>
    <ClInclude Include="..\inc\dlgtemplate.hpp">
      <Filter>Header Files</Filter>
    </ClInclude>
    <ClInclude Include="..\inc\dlgclassify.hpp">
      <Filter>Header Files</Filter>
    </ClInclude>
    <ClInclude Include="..\inc\labelinfo.hpp">
      <Filter>Header Files</Filter>
    </ClInclude>
    <ClInclude Include="..\inc\dlgclassify2.hpp">
      <Filter>Header Files</Filter>
    </ClInclude>
    <ClInclude Include="..\inc\classifydata.hpp">
      <Filter>Header Files</Filter>
    </ClInclude>
    <ClInclude Include="..\inc\classifylistctrl.hpp">
      <Filter>Header Files</Filter>
    </ClInclude>
  </ItemGroup>
  <ItemGroup>
    <ResourceCompile Include="nxrmcmui.rc">
      <Filter>Resource Files</Filter>
    </ResourceCompile>
  </ItemGroup>
  <ItemGroup>
    <None Include="nxrmcmui.def">
      <Filter>Source Files</Filter>
    </None>
  </ItemGroup>
  <ItemGroup>
    <Image Include="check.bmp">
      <Filter>Resource Files</Filter>
    </Image>
    <Image Include="uncheck.bmp">
      <Filter>Resource Files</Filter>
    </Image>
    <Image Include="CheckBoxSel.bmp">
      <Filter>Resource Files</Filter>
    </Image>
    <Image Include="CheckBoxRd.bmp">
      <Filter>Resource Files</Filter>
    </Image>
    <Image Include="user.ico">
      <Filter>Resource Files</Filter>
    </Image>
  </ItemGroup>
</Project>