<?xml version="1.0" encoding="utf-8"?>
<Project ToolsVersion="4.0" xmlns="http://schemas.microsoft.com/developer/msbuild/2003">
  <ItemGroup>
    <Filter Include="Source Files">
      <UniqueIdentifier>{4FC737F1-C7A5-4376-A066-2A32D752A2FF}</UniqueIdentifier>
      <Extensions>cpp;c;cc;cxx;def;odl;idl;hpj;bat;asm;asmx</Extensions>
    </Filter>
    <Filter Include="Header Files">
      <UniqueIdentifier>{93995380-89BD-4b04-88EB-625FBE52EBFB}</UniqueIdentifier>
      <Extensions>h;hpp;hxx;hm;inl;inc;xsd</Extensions>
    </Filter>
    <Filter Include="Resource Files">
      <UniqueIdentifier>{67DA6AB6-F800-4c08-8B7A-83BB121AAD01}</UniqueIdentifier>
      <Extensions>rc;ico;cur;bmp;dlg;rc2;rct;bin;rgs;gif;jpg;jpeg;jpe;resx;tiff;tif;png;wav;mfcribbon-ms</Extensions>
    </Filter>
  </ItemGroup>
  <ItemGroup>
    <ClInclude Include="..\inc\nxrmeng.h">
      <Filter>Header Files</Filter>
    </ClInclude>
    <ClInclude Include="..\inc\policyserv.hpp">
      <Filter>Header Files</Filter>
    </ClInclude>
    <ClInclude Include="..\inc\engine.hpp">
      <Filter>Header Files</Filter>
    </ClInclude>
    <ClInclude Include="..\inc\ipcserv.hpp">
      <Filter>Header Files</Filter>
    </ClInclude>
    <ClInclude Include="..\inc\sessionserv.hpp">
      <Filter>Header Files</Filter>
    </ClInclude>
    <ClInclude Include="..\inc\logserv.hpp">
      <Filter>Header Files</Filter>
    </ClInclude>
    <ClInclude Include="..\inc\drvserv.hpp">
      <Filter>Header Files</Filter>
    </ClInclude>
    <ClInclude Include="..\inc\fltserv.hpp">
      <Filter>Header Files</Filter>
    </ClInclude>
    <ClInclude Include="..\inc\diagnose.hpp">
      <Filter>Header Files</Filter>
    </ClInclude>
    <ClInclude Include="..\inc\resource.h">
      <Filter>Header Files</Filter>
    </ClInclude>
    <ClInclude Include="..\inc\propname.h">
      <Filter>Header Files</Filter>
    </ClInclude>
    <ClInclude Include="..\inc\confmgr.hpp">
      <Filter>Header Files</Filter>
    </ClInclude>
    <ClInclude Include="..\inc\rmsutil.hpp">
      <Filter>Header Files</Filter>
    </ClInclude>
    <ClInclude Include="..\inc\nxrminfo.hpp">
      <Filter>Header Files</Filter>
    </ClInclude>
    <ClInclude Include="..\inc\timerserv.hpp">
      <Filter>Header Files</Filter>
    </ClInclude>
    <ClInclude Include="..\inc\audit.hpp">
      <Filter>Header Files</Filter>
    </ClInclude>
    <ClInclude Include="..\inc\restclient.hpp">
      <Filter>Header Files</Filter>
    </ClInclude>
  </ItemGroup>
  <ItemGroup>
    <ClCompile Include="nxrmeng.cpp">
      <Filter>Source Files</Filter>
    </ClCompile>
    <ClCompile Include="policyserv.cpp">
      <Filter>Source Files</Filter>
    </ClCompile>
    <ClCompile Include="engine.cpp">
      <Filter>Source Files</Filter>
    </ClCompile>
    <ClCompile Include="ipcserv.cpp">
      <Filter>Source Files</Filter>
    </ClCompile>
    <ClCompile Include="sessionserv.cpp">
      <Filter>Source Files</Filter>
    </ClCompile>
    <ClCompile Include="logserv.cpp">
      <Filter>Source Files</Filter>
    </ClCompile>
    <ClCompile Include="fltserv.cpp">
      <Filter>Source Files</Filter>
    </ClCompile>
    <ClCompile Include="drvserv.cpp">
      <Filter>Source Files</Filter>
    </ClCompile>
    <ClCompile Include="diagnose.cpp">
      <Filter>Source Files</Filter>
    </ClCompile>
    <ClCompile Include="confmgr.cpp">
      <Filter>Source Files</Filter>
    </ClCompile>
    <ClCompile Include="rmsutil.cpp">
      <Filter>Source Files</Filter>
    </ClCompile>
    <ClCompile Include="nxrminfo.cpp">
      <Filter>Source Files</Filter>
    </ClCompile>
    <ClCompile Include="timerserv.cpp">
      <Filter>Source Files</Filter>
    </ClCompile>
    <ClCompile Include="audit.cpp">
      <Filter>Source Files</Filter>
    </ClCompile>
    <ClCompile Include="restclient.cpp">
      <Filter>Source Files</Filter>
    </ClCompile>
  </ItemGroup>
  <ItemGroup>
    <None Include="nxrmeng.def">
      <Filter>Source Files</Filter>
    </None>
  </ItemGroup>
  <ItemGroup>
    <ResourceCompile Include="nxrmeng.rc">
      <Filter>Resource Files</Filter>
    </ResourceCompile>
  </ItemGroup>
</Project>